lockfileVersion: '6.0'

settings:
  autoInstallPeers: true
  excludeLinksFromLockfile: false

dependencies:
  angular:
    specifier: 1.5.6
    version: 1.5.6
  jquery:
    specifier: 2.2.4
    version: 2.2.4

packages:

  /angular@1.5.6:
    resolution: {integrity: sha512-db8nxlLudbkDZ9VYxxcbfD9ZBItcdDKVyHYMuMvx0UE8K4g4gBD4lwnulW2TufNKdptphvAnnxlJn5lIelvmgw==}
    deprecated: For the actively supported Angular, see https://www.npmjs.com/package/@angular/core. AngularJS support has officially ended. For extended AngularJS support options, see https://goo.gle/angularjs-path-forward.
    dev: false

  /jquery@2.2.4:
    resolution: {integrity: sha512-lBHj60ezci2u1v2FqnZIraShGgEXq35qCzMv4lITyHGppTnA13rwR0MgwyNJh9TnDs3aXUvd1xjAotfraMHX/Q==}
    dev: false
